
Microsoft Visual Studio Solution File, Format Version 12.00
# Visual Studio Version 17
VisualStudioVersion = 17.7.34221.43
MinimumVisualStudioVersion = 10.0.40219.1
Project("{9A19103F-16F7-4668-BE54-9A1E7A4F7556}") = "BookStore", "BookStore.csproj", "{C3CF638C-FBAC-48D5-A35F-0430DA633394}"
EndProject
Project("{9A19103F-16F7-4668-BE54-9A1E7A4F7556}") = "DataServices", "..\DataServices\DataServices.csproj", "{EA2F343A-A99A-4C0F-B639-CCE96196482D}"
EndProject
Global
	GlobalSection(SolutionConfigurationPlatforms) = preSolution
		Debug|Any CPU = Debug|Any CPU
		Release|Any CPU = Release|Any CPU
	EndGlobalSection
	GlobalSection(ProjectConfigurationPlatforms) = postSolution
		{C3CF638C-FBAC-48D5-A35F-0430DA633394}.Debug|Any CPU.ActiveCfg = Debug|Any CPU
		{C3CF638C-FBAC-48D5-A35F-0430DA633394}.Debug|Any CPU.Build.0 = Debug|Any CPU
		{C3CF638C-FBAC-48D5-A35F-0430DA633394}.Release|Any CPU.ActiveCfg = Release|Any CPU
		{C3CF638C-FBAC-48D5-A35F-0430DA633394}.Release|Any CPU.Build.0 = Release|Any CPU
		{EA2F343A-A99A-4C0F-B639-CCE96196482D}.Debug|Any CPU.ActiveCfg = Debug|Any CPU
		{EA2F343A-A99A-4C0F-B639-CCE96196482D}.Debug|Any CPU.Build.0 = Debug|Any CPU
		{EA2F343A-A99A-4C0F-B639-CCE96196482D}.Release|Any CPU.ActiveCfg = Release|Any CPU
		{EA2F343A-A99A-4C0F-B639-CCE96196482D}.Release|Any CPU.Build.0 = Release|Any CPU
	EndGlobalSection
	GlobalSection(SolutionProperties) = preSolution
		HideSolutionNode = FALSE
	EndGlobalSection
	GlobalSection(ExtensibilityGlobals) = postSolution
		SolutionGuid = {E8BCBEE1-D9BB-4BD7-B324-FE488A75E165}
	EndGlobalSection
EndGlobal
